{
  "version": 4,
  "terraform_version": "1.14.6",
  "serial": 5,
  "lineage": "bc5baa04-5e05-772c-4262-348bcf3e05ed",
  "outputs": {},
  "resources": [
    {
      "mode": "managed",
      "type": "cloudflare_zero_trust_access_application",
      "name": "blog",
      "provider": "provider[\"registry.terraform.io/cloudflare/cloudflare\"]",
      "instances": [
        {
          "schema_version": 1,
          "attributes": {
            "account_id": "52db48235eef0bdeda908b03e048361a",
            "allow_authenticate_via_warp": null,
            "allow_iframe": null,
            "allowed_idps": [
              "5595dbff-2429-495f-ada5-86458f530386"
            ],
            "app_launcher_logo_url": null,
            "app_launcher_visible": true,
            "aud": "f450d729a5058712a99e7420d0d21600344622324469807fc6b0266d89ae7bec",
            "auto_redirect_to_identity": true,
            "bg_color": null,
            "cors_headers": null,
            "custom_deny_message": null,
            "custom_deny_url": null,
            "custom_non_identity_deny_url": null,
            "custom_pages": null,
            "destinations": [
              {
                "cidr": null,
                "hostname": null,
                "l4_protocol": null,
                "mcp_server_id": null,
                "port_range": null,
                "type": "public",
                "uri": "blog.panda-dev.net/admin",
                "vnet_id": null
              },
              {
                "cidr": null,
                "hostname": null,
                "l4_protocol": null,
                "mcp_server_id": null,
                "port_range": null,
                "type": "public",
                "uri": "blog.panda-dev.net/admin/*",
                "vnet_id": null
              }
            ],
            "domain": "blog.panda-dev.net/admin",
            "enable_binding_cookie": false,
            "footer_links": null,
            "header_bg_color": null,
            "http_only_cookie_attribute": false,
            "id": "36a4363c-0606-4fd9-9085-7e437fd128a7",
            "landing_page_design": null,
            "logo_url": null,
            "name": "blog",
            "options_preflight_bypass": false,
            "path_cookie_attribute": null,
            "policies": [
              {
                "connection_rules": null,
                "decision": null,
                "exclude": null,
                "id": "f37e51eb-2a6b-4db1-accd-74c6437b0423",
                "include": null,
                "name": null,
                "precedence": 1,
                "require": null
              }
            ],
            "read_service_tokens_from_header": null,
            "saas_app": null,
            "same_site_cookie_attribute": null,
            "scim_config": null,
            "self_hosted_domains": [
              "blog.panda-dev.net/admin",
              "blog.panda-dev.net/admin/*"
            ],
            "service_auth_401_redirect": null,
            "session_duration": "15m",
            "skip_app_launcher_login_page": null,
            "skip_interstitial": null,
            "tags": null,
            "target_criteria": null,
            "type": "self_hosted",
            "zone_id": null
          },
          "sensitive_attributes": [],
          "identity_schema_version": 0
        }
      ]
    },
    {
      "mode": "managed",
      "type": "cloudflare_zero_trust_access_identity_provider",
      "name": "google",
      "provider": "provider[\"registry.terraform.io/cloudflare/cloudflare\"]",
      "instances": [
        {
          "schema_version": 1,
          "attributes": {
            "account_id": "52db48235eef0bdeda908b03e048361a",
            "config": {
              "apps_domain": null,
              "attributes": null,
              "auth_url": null,
              "authorization_server_id": null,
              "centrify_account": null,
              "centrify_app_id": null,
              "certs_url": null,
              "claims": null,
              "client_id": "803881008910-7totmqt8khlvu3vo8t8hg00nl974tac7.apps.googleusercontent.com",
              "client_secret": null,
              "conditional_access_enabled": null,
              "directory_id": null,
              "email_attribute_name": null,
              "email_claim_name": null,
              "header_attributes": null,
              "idp_public_certs": null,
              "issuer_url": null,
              "okta_account": null,
              "onelogin_account": null,
              "ping_env_id": null,
              "pkce_enabled": true,
              "prompt": null,
              "redirect_url": "https://kamiy2743.cloudflareaccess.com/cdn-cgi/access/callback",
              "scopes": null,
              "sign_request": null,
              "sso_target_url": null,
              "support_groups": null,
              "token_url": null
            },
            "id": "5595dbff-2429-495f-ada5-86458f530386",
            "name": "Google",
            "scim_config": {
              "enabled": false,
              "identity_update_behavior": "no_action",
              "scim_base_url": "https://kamiy2743.cloudflareaccess.com/scim/5595dbff-2429-495f-ada5-86458f530386",
              "seat_deprovision": false,
              "secret": null,
              "user_deprovision": false
            },
            "type": "google",
            "zone_id": null
          },
          "sensitive_attributes": [
            [
              {
                "type": "get_attr",
                "value": "config"
              },
              {
                "type": "get_attr",
                "value": "client_secret"
              }
            ],
            [
              {
                "type": "get_attr",
                "value": "scim_config"
              },
              {
                "type": "get_attr",
                "value": "secret"
              }
            ]
          ],
          "identity_schema_version": 0
        }
      ]
    },
    {
      "mode": "managed",
      "type": "cloudflare_zero_trust_access_policy",
      "name": "admin",
      "provider": "provider[\"registry.terraform.io/cloudflare/cloudflare\"]",
      "instances": [
        {
          "schema_version": 1,
          "attributes": {
            "account_id": "52db48235eef0bdeda908b03e048361a",
            "approval_groups": null,
            "approval_required": null,
            "connection_rules": null,
            "decision": "allow",
            "exclude": null,
            "id": "f37e51eb-2a6b-4db1-accd-74c6437b0423",
            "include": [
              {
                "any_valid_service_token": null,
                "auth_context": null,
                "auth_method": null,
                "azure_ad": null,
                "certificate": null,
                "common_name": null,
                "device_posture": null,
                "email": {
                  "email": "kamiy2743@gmail.com"
                },
                "email_domain": null,
                "email_list": null,
                "everyone": null,
                "external_evaluation": null,
                "geo": null,
                "github_organization": null,
                "group": null,
                "gsuite": null,
                "ip": null,
                "ip_list": null,
                "linked_app_token": null,
                "login_method": null,
                "oidc": null,
                "okta": null,
                "saml": null,
                "service_token": null
              }
            ],
            "isolation_required": null,
            "mfa_config": null,
            "name": "admin",
            "purpose_justification_prompt": null,
            "purpose_justification_required": null,
            "require": [
              {
                "any_valid_service_token": null,
                "auth_context": null,
                "auth_method": null,
                "azure_ad": null,
                "certificate": null,
                "common_name": null,
                "device_posture": null,
                "email": null,
                "email_domain": null,
                "email_list": null,
                "everyone": null,
                "external_evaluation": null,
                "geo": {
                  "country_code": "JP"
                },
                "github_organization": null,
                "group": null,
                "gsuite": null,
                "ip": null,
                "ip_list": null,
                "linked_app_token": null,
                "login_method": null,
                "oidc": null,
                "okta": null,
                "saml": null,
                "service_token": null
              }
            ],
            "session_duration": "15m"
          },
          "sensitive_attributes": [],
          "identity_schema_version": 0
        }
      ]
    }
  ],
  "check_results": null
}
