{
  "version": 4,
  "terraform_version": "1.15.5",
  "serial": 68,
  "lineage": "66546d98-8f26-c01f-9aa8-e5db587e2cc4",
  "outputs": {},
  "resources": [
    {
      "mode": "managed",
      "type": "cloudflare_ruleset",
      "name": "no_cache",
      "provider": "provider[\"registry.terraform.io/cloudflare/cloudflare\"]",
      "instances": [
        {
          "schema_version": 1,
          "attributes": {
            "account_id": null,
            "description": "",
            "id": "74c3b6ff6da847559ec873b602468a47",
            "kind": "zone",
            "last_updated": "2026-03-13T11:09:22Z",
            "name": "no-cache",
            "phase": "http_request_cache_settings",
            "rules": [
              {
                "action": "set_cache_settings",
                "action_parameters": {
                  "additional_cacheable_ports": null,
                  "algorithms": null,
                  "asset_name": null,
                  "automatic_https_rewrites": null,
                  "autominify": null,
                  "bic": null,
                  "browser_ttl": null,
                  "cache": false,
                  "cache_key": null,
                  "cache_reserve": null,
                  "content": null,
                  "content_type": null,
                  "cookie_fields": null,
                  "disable_apps": null,
                  "disable_rum": null,
                  "disable_zaraz": null,
                  "edge_ttl": null,
                  "email_obfuscation": null,
                  "expression": null,
                  "fonts": null,
                  "from_list": null,
                  "from_value": null,
                  "headers": null,
                  "host_header": null,
                  "hotlink_protection": null,
                  "id": null,
                  "immutable": null,
                  "increment": null,
                  "matched_data": null,
                  "max_age": null,
                  "mirage": null,
                  "must_revalidate": null,
                  "must_understand": null,
                  "no_cache": null,
                  "no_store": null,
                  "no_transform": null,
                  "operation": null,
                  "opportunistic_encryption": null,
                  "origin": null,
                  "origin_cache_control": null,
                  "origin_error_page_passthru": null,
                  "overrides": null,
                  "phases": null,
                  "polish": null,
                  "private": null,
                  "products": null,
                  "proxy_revalidate": null,
                  "public": null,
                  "raw_response_fields": null,
                  "read_timeout": null,
                  "request_body_buffering": null,
                  "request_fields": null,
                  "respect_strong_etags": null,
                  "response": null,
                  "response_body_buffering": null,
                  "response_fields": null,
                  "rocket_loader": null,
                  "rules": null,
                  "ruleset": null,
                  "rulesets": null,
                  "s_maxage": null,
                  "security_level": null,
                  "serve_stale": null,
                  "server_side_excludes": null,
                  "sni": null,
                  "ssl": null,
                  "stale_if_error": null,
                  "stale_while_revalidate": null,
                  "status_code": null,
                  "strip_etags": null,
                  "strip_last_modified": null,
                  "strip_set_cookie": null,
                  "sxg": null,
                  "transformed_request_fields": null,
                  "uri": null,
                  "values": null
                },
                "description": "no-cache",
                "enabled": true,
                "exposed_credential_check": null,
                "expression": "true",
                "id": "a880843a869c4bbfa7913cc6d66f07f6",
                "logging": null,
                "ratelimit": null,
                "ref": "a880843a869c4bbfa7913cc6d66f07f6"
              }
            ],
            "version": "2",
            "zone_id": "0e9b61ff73e7abef64416f0c64853758"
          },
          "sensitive_attributes": [],
          "identity_schema_version": 0,
          "dependencies": [
            "cloudflare_zone.panda_dev_net"
          ]
        }
      ]
    },
    {
      "mode": "managed",
      "type": "cloudflare_zone",
      "name": "panda_dev_net",
      "provider": "provider[\"registry.terraform.io/cloudflare/cloudflare\"]",
      "instances": [
        {
          "schema_version": 1,
          "attributes": {
            "account": {
              "id": "52db48235eef0bdeda908b03e048361a"
            },
            "activated_on": "2026-02-21T13:59:29Z",
            "cname_suffix": null,
            "created_on": "2026-02-21T13:59:23Z",
            "development_mode": 0,
            "id": "0e9b61ff73e7abef64416f0c64853758",
            "meta": {
              "cdn_only": null,
              "custom_certificate_quota": 0,
              "dns_only": null,
              "foundation_dns": null,
              "page_rule_quota": 3,
              "phishing_detected": false,
              "step": 4
            },
            "modified_on": "2026-02-21T13:59:29Z",
            "name": "panda-dev.net",
            "name_servers": [
              "dee.ns.cloudflare.com",
              "terin.ns.cloudflare.com"
            ],
            "original_dnshost": null,
            "original_name_servers": null,
            "original_registrar": null,
            "owner": {
              "id": null,
              "name": null,
              "type": "user"
            },
            "paused": false,
            "permissions": [
              "#waf:read",
              "#waf:edit",
              "#dns_records:edit",
              "#dns_records:read",
              "#zone:edit",
              "#zone:read",
              "#zone_settings:edit",
              "#zone_settings:read"
            ],
            "plan": {
              "can_subscribe": false,
              "currency": "USD",
              "externally_managed": false,
              "frequency": "",
              "id": "0feeeeeeeeeeeeeeeeeeeeeeeeeeeeee",
              "is_subscribed": false,
              "legacy_discount": false,
              "legacy_id": "free",
              "name": "Free Website",
              "price": 0
            },
            "status": "active",
            "tenant": {
              "id": null,
              "name": null
            },
            "tenant_unit": {
              "id": null
            },
            "type": "full",
            "vanity_name_servers": [],
            "verification_key": null
          },
          "sensitive_attributes": [],
          "identity_schema_version": 0
        }
      ]
    },
    {
      "module": "module.tunnel",
      "mode": "managed",
      "type": "cloudflare_dns_record",
      "name": "this",
      "provider": "provider[\"registry.terraform.io/cloudflare/cloudflare\"]",
      "instances": [
        {
          "index_key": "blog",
          "schema_version": 0,
          "attributes": {
            "comment": null,
            "comment_modified_on": null,
            "content": "2bee051e-d953-4f62-be62-e0d67eaebc7c.cfargotunnel.com",
            "created_on": "2026-03-12T16:12:40Z",
            "data": null,
            "id": "e7c056a55e776a185df13915e2b27d81",
            "meta": "{}",
            "modified_on": "2026-03-12T16:12:40Z",
            "name": "blog.panda-dev.net",
            "priority": null,
            "proxiable": true,
            "proxied": true,
            "settings": {
              "flatten_cname": false,
              "ipv4_only": null,
              "ipv6_only": null
            },
            "tags": [],
            "tags_modified_on": null,
            "ttl": 1,
            "type": "CNAME",
            "zone_id": "0e9b61ff73e7abef64416f0c64853758"
          },
          "sensitive_attributes": [],
          "identity_schema_version": 0,
          "dependencies": [
            "cloudflare_zone.panda_dev_net",
            "module.tunnel.cloudflare_zero_trust_tunnel_cloudflared.this"
          ]
        },
        {
          "index_key": "blog-stg",
          "schema_version": 0,
          "attributes": {
            "comment": null,
            "comment_modified_on": null,
            "content": "4076c070-a691-4ad2-8195-328414d8c64e.cfargotunnel.com",
            "created_on": "2026-06-04T14:28:42Z",
            "data": null,
            "id": "32bff77d9e0e648d64e6f122499bd9cb",
            "meta": "{}",
            "modified_on": "2026-06-04T14:28:42Z",
            "name": "blog-stg",
            "priority": null,
            "proxiable": true,
            "proxied": true,
            "settings": {
              "flatten_cname": false,
              "ipv4_only": null,
              "ipv6_only": null
            },
            "tags": [],
            "tags_modified_on": null,
            "ttl": 1,
            "type": "CNAME",
            "zone_id": "0e9b61ff73e7abef64416f0c64853758"
          },
          "sensitive_attributes": [],
          "identity_schema_version": 0,
          "dependencies": [
            "cloudflare_zone.panda_dev_net",
            "module.tunnel.cloudflare_zero_trust_tunnel_cloudflared.this"
          ]
        },
        {
          "index_key": "http-server",
          "schema_version": 0,
          "attributes": {
            "comment": null,
            "comment_modified_on": null,
            "content": "b4c47ce3-d4aa-4204-ad01-4d1b21daf009.cfargotunnel.com",
            "created_on": "2026-03-12T16:12:45Z",
            "data": null,
            "id": "aab8c9bb2c6882c86ba262d5501663a8",
            "meta": "{}",
            "modified_on": "2026-03-12T16:12:45Z",
            "name": "http-server.panda-dev.net",
            "priority": null,
            "proxiable": true,
            "proxied": true,
            "settings": {
              "flatten_cname": false,
              "ipv4_only": null,
              "ipv6_only": null
            },
            "tags": [],
            "tags_modified_on": null,
            "ttl": 1,
            "type": "CNAME",
            "zone_id": "0e9b61ff73e7abef64416f0c64853758"
          },
          "sensitive_attributes": [],
          "identity_schema_version": 0,
          "dependencies": [
            "cloudflare_zone.panda_dev_net",
            "module.tunnel.cloudflare_zero_trust_tunnel_cloudflared.this"
          ]
        },
        {
          "index_key": "root-domain",
          "schema_version": 0,
          "attributes": {
            "comment": null,
            "comment_modified_on": null,
            "content": "7e14a5ce-cdf2-4d8a-88ca-d6222ce61d2e.cfargotunnel.com",
            "created_on": "2026-03-12T16:12:45Z",
            "data": null,
            "id": "66b8b6ba22e47f54ed1074f7fc983835",
            "meta": "{}",
            "modified_on": "2026-03-12T16:12:45Z",
            "name": "panda-dev.net",
            "priority": null,
            "proxiable": true,
            "proxied": true,
            "settings": {
              "flatten_cname": false,
              "ipv4_only": null,
              "ipv6_only": null
            },
            "tags": [],
            "tags_modified_on": null,
            "ttl": 1,
            "type": "CNAME",
            "zone_id": "0e9b61ff73e7abef64416f0c64853758"
          },
          "sensitive_attributes": [],
          "identity_schema_version": 0,
          "dependencies": [
            "cloudflare_zone.panda_dev_net",
            "module.tunnel.cloudflare_zero_trust_tunnel_cloudflared.this"
          ]
        }
      ]
    },
    {
      "module": "module.tunnel",
      "mode": "managed",
      "type": "cloudflare_zero_trust_tunnel_cloudflared",
      "name": "this",
      "provider": "provider[\"registry.terraform.io/cloudflare/cloudflare\"]",
      "instances": [
        {
          "index_key": "blog",
          "schema_version": 1,
          "attributes": {
            "account_id": "52db48235eef0bdeda908b03e048361a",
            "account_tag": "52db48235eef0bdeda908b03e048361a",
            "config_src": "cloudflare",
            "connections": [],
            "conns_active_at": null,
            "conns_inactive_at": "2026-05-10T05:28:02Z",
            "created_at": "2026-03-12T16:12:39Z",
            "deleted_at": null,
            "id": "2bee051e-d953-4f62-be62-e0d67eaebc7c",
            "metadata": "{}",
            "name": "blog",
            "remote_config": true,
            "status": "down",
            "tun_type": "cfd_tunnel",
            "tunnel_secret": null
          },
          "sensitive_attributes": [
            [
              {
                "type": "get_attr",
                "value": "tunnel_secret"
              }
            ]
          ],
          "identity_schema_version": 0
        },
        {
          "index_key": "blog-stg",
          "schema_version": 1,
          "attributes": {
            "account_id": "52db48235eef0bdeda908b03e048361a",
            "account_tag": "52db48235eef0bdeda908b03e048361a",
            "config_src": "cloudflare",
            "connections": [],
            "conns_active_at": null,
            "conns_inactive_at": "2026-06-04T14:28:41Z",
            "created_at": "2026-06-04T14:28:41Z",
            "deleted_at": null,
            "id": "4076c070-a691-4ad2-8195-328414d8c64e",
            "metadata": "{}",
            "name": "blog-stg",
            "remote_config": true,
            "status": "inactive",
            "tun_type": "cfd_tunnel",
            "tunnel_secret": null
          },
          "sensitive_attributes": [
            [
              {
                "type": "get_attr",
                "value": "tunnel_secret"
              }
            ]
          ],
          "identity_schema_version": 0
        },
        {
          "index_key": "http-server",
          "schema_version": 1,
          "attributes": {
            "account_id": "52db48235eef0bdeda908b03e048361a",
            "account_tag": "52db48235eef0bdeda908b03e048361a",
            "config_src": "cloudflare",
            "connections": [
              {
                "client_id": "b5ebd66f-cde5-49ad-b627-cda301b2a2a2",
                "client_version": "2026.2.0",
                "colo_name": "kix05",
                "id": "a85c0563-14cb-494a-b3ce-5a873dee8d27",
                "is_pending_reconnect": false,
                "opened_at": "2026-06-02T19:10:13Z",
                "origin_ip": "14.133.177.213",
                "uuid": "a85c0563-14cb-494a-b3ce-5a873dee8d27"
              },
              {
                "client_id": "b5ebd66f-cde5-49ad-b627-cda301b2a2a2",
                "client_version": "2026.2.0",
                "colo_name": "kix03",
                "id": "246de136-b446-4d80-a82b-ca238ca2c70e",
                "is_pending_reconnect": false,
                "opened_at": "2026-06-02T19:10:18Z",
                "origin_ip": "14.133.177.213",
                "uuid": "246de136-b446-4d80-a82b-ca238ca2c70e"
              },
              {
                "client_id": "b5ebd66f-cde5-49ad-b627-cda301b2a2a2",
                "client_version": "2026.2.0",
                "colo_name": "kix06",
                "id": "2dcc176f-d80f-4143-aa33-cd1f74c7c990",
                "is_pending_reconnect": false,
                "opened_at": "2026-06-02T19:10:18Z",
                "origin_ip": "14.133.177.213",
                "uuid": "2dcc176f-d80f-4143-aa33-cd1f74c7c990"
              },
              {
                "client_id": "b5ebd66f-cde5-49ad-b627-cda301b2a2a2",
                "client_version": "2026.2.0",
                "colo_name": "kix04",
                "id": "b5f620fc-a3f7-41a8-8250-d28dc75ec91b",
                "is_pending_reconnect": false,
                "opened_at": "2026-06-02T19:10:18Z",
                "origin_ip": "14.133.177.213",
                "uuid": "b5f620fc-a3f7-41a8-8250-d28dc75ec91b"
              }
            ],
            "conns_active_at": "2026-06-02T19:10:13Z",
            "conns_inactive_at": null,
            "created_at": "2026-03-12T16:12:37Z",
            "deleted_at": null,
            "id": "b4c47ce3-d4aa-4204-ad01-4d1b21daf009",
            "metadata": "{}",
            "name": "http-server",
            "remote_config": true,
            "status": "healthy",
            "tun_type": "cfd_tunnel",
            "tunnel_secret": null
          },
          "sensitive_attributes": [
            [
              {
                "type": "get_attr",
                "value": "tunnel_secret"
              }
            ]
          ],
          "identity_schema_version": 0
        },
        {
          "index_key": "root-domain",
          "schema_version": 1,
          "attributes": {
            "account_id": "52db48235eef0bdeda908b03e048361a",
            "account_tag": "52db48235eef0bdeda908b03e048361a",
            "config_src": "cloudflare",
            "connections": [
              {
                "client_id": "5af5f5b6-bda3-4fac-9168-9d7b23b6390c",
                "client_version": "2026.2.0",
                "colo_name": "kix04",
                "id": "7b2b4fc4-affe-4c07-a97a-ded893bfd133",
                "is_pending_reconnect": false,
                "opened_at": "2026-06-02T19:10:27Z",
                "origin_ip": "14.133.177.213",
                "uuid": "7b2b4fc4-affe-4c07-a97a-ded893bfd133"
              },
              {
                "client_id": "5af5f5b6-bda3-4fac-9168-9d7b23b6390c",
                "client_version": "2026.2.0",
                "colo_name": "kix06",
                "id": "88382b98-8b34-4865-9e97-10c1ee84a0bd",
                "is_pending_reconnect": false,
                "opened_at": "2026-06-02T19:13:57Z",
                "origin_ip": "14.133.177.213",
                "uuid": "88382b98-8b34-4865-9e97-10c1ee84a0bd"
              },
              {
                "client_id": "5af5f5b6-bda3-4fac-9168-9d7b23b6390c",
                "client_version": "2026.2.0",
                "colo_name": "kix05",
                "id": "cdc4c42b-7858-4a47-b6c2-f7d89a458e70",
                "is_pending_reconnect": false,
                "opened_at": "2026-06-02T19:13:57Z",
                "origin_ip": "14.133.177.213",
                "uuid": "cdc4c42b-7858-4a47-b6c2-f7d89a458e70"
              },
              {
                "client_id": "5af5f5b6-bda3-4fac-9168-9d7b23b6390c",
                "client_version": "2026.2.0",
                "colo_name": "kix04",
                "id": "4e9f384f-244c-4e11-8fbb-b207bff2b82b",
                "is_pending_reconnect": false,
                "opened_at": "2026-06-02T19:13:57Z",
                "origin_ip": "14.133.177.213",
                "uuid": "4e9f384f-244c-4e11-8fbb-b207bff2b82b"
              }
            ],
            "conns_active_at": "2026-06-02T19:10:27Z",
            "conns_inactive_at": null,
            "created_at": "2026-03-12T16:12:34Z",
            "deleted_at": null,
            "id": "7e14a5ce-cdf2-4d8a-88ca-d6222ce61d2e",
            "metadata": "{}",
            "name": "root-domain",
            "remote_config": true,
            "status": "healthy",
            "tun_type": "cfd_tunnel",
            "tunnel_secret": null
          },
          "sensitive_attributes": [
            [
              {
                "type": "get_attr",
                "value": "tunnel_secret"
              }
            ]
          ],
          "identity_schema_version": 0
        }
      ]
    }
  ],
  "check_results": null
}
