{
  "version": 4,
  "terraform_version": "1.15.5",
  "serial": 65,
  "lineage": "66546d98-8f26-c01f-9aa8-e5db587e2cc4",
  "outputs": {},
  "resources": [
    {
      "mode": "managed",
      "type": "cloudflare_ruleset",
      "name": "no_cache",
      "provider": "provider[\"registry.terraform.io/cloudflare/cloudflare\"]",
      "instances": [
        {
          "schema_version": 1,
          "attributes": {
            "account_id": null,
            "description": "",
            "id": "74c3b6ff6da847559ec873b602468a47",
            "kind": "zone",
            "last_updated": "2026-03-13T11:09:22Z",
            "name": "no-cache",
            "phase": "http_request_cache_settings",
            "rules": [
              {
                "action": "set_cache_settings",
                "action_parameters": {
                  "additional_cacheable_ports": null,
                  "algorithms": null,
                  "asset_name": null,
                  "automatic_https_rewrites": null,
                  "autominify": null,
                  "bic": null,
                  "browser_ttl": null,
                  "cache": false,
                  "cache_key": null,
                  "cache_reserve": null,
                  "content": null,
                  "content_type": null,
                  "cookie_fields": null,
                  "disable_apps": null,
                  "disable_rum": null,
                  "disable_zaraz": null,
                  "edge_ttl": null,
                  "email_obfuscation": null,
                  "expression": null,
                  "fonts": null,
                  "from_list": null,
                  "from_value": null,
                  "headers": null,
                  "host_header": null,
                  "hotlink_protection": null,
                  "id": null,
                  "immutable": null,
                  "increment": null,
                  "matched_data": null,
                  "max_age": null,
                  "mirage": null,
                  "must_revalidate": null,
                  "must_understand": null,
                  "no_cache": null,
                  "no_store": null,
                  "no_transform": null,
                  "operation": null,
                  "opportunistic_encryption": null,
                  "origin": null,
                  "origin_cache_control": null,
                  "origin_error_page_passthru": null,
                  "overrides": null,
                  "phases": null,
                  "polish": null,
                  "private": null,
                  "products": null,
                  "proxy_revalidate": null,
                  "public": null,
                  "raw_response_fields": null,
                  "read_timeout": null,
                  "request_body_buffering": null,
                  "request_fields": null,
                  "respect_strong_etags": null,
                  "response": null,
                  "response_body_buffering": null,
                  "response_fields": null,
                  "rocket_loader": null,
                  "rules": null,
                  "ruleset": null,
                  "rulesets": null,
                  "s_maxage": null,
                  "security_level": null,
                  "serve_stale": null,
                  "server_side_excludes": null,
                  "sni": null,
                  "ssl": null,
                  "stale_if_error": null,
                  "stale_while_revalidate": null,
                  "status_code": null,
                  "strip_etags": null,
                  "strip_last_modified": null,
                  "strip_set_cookie": null,
                  "sxg": null,
                  "transformed_request_fields": null,
                  "uri": null,
                  "values": null
                },
                "description": "no-cache",
                "enabled": true,
                "exposed_credential_check": null,
                "expression": "true",
                "id": "a880843a869c4bbfa7913cc6d66f07f6",
                "logging": null,
                "ratelimit": null,
                "ref": "a880843a869c4bbfa7913cc6d66f07f6"
              }
            ],
            "version": "2",
            "zone_id": "0e9b61ff73e7abef64416f0c64853758"
          },
          "sensitive_attributes": [],
          "identity_schema_version": 0,
          "dependencies": [
            "cloudflare_zone.panda_dev_net"
          ]
        }
      ]
    },
    {
      "mode": "managed",
      "type": "cloudflare_zone",
      "name": "panda_dev_net",
      "provider": "provider[\"registry.terraform.io/cloudflare/cloudflare\"]",
      "instances": [
        {
          "schema_version": 1,
          "attributes": {
            "account": {
              "id": "52db48235eef0bdeda908b03e048361a"
            },
            "activated_on": "2026-02-21T13:59:29Z",
            "cname_suffix": null,
            "created_on": "2026-02-21T13:59:23Z",
            "development_mode": 0,
            "id": "0e9b61ff73e7abef64416f0c64853758",
            "meta": {
              "cdn_only": null,
              "custom_certificate_quota": 0,
              "dns_only": null,
              "foundation_dns": null,
              "page_rule_quota": 3,
              "phishing_detected": false,
              "step": 4
            },
            "modified_on": "2026-02-21T13:59:29Z",
            "name": "panda-dev.net",
            "name_servers": [
              "dee.ns.cloudflare.com",
              "terin.ns.cloudflare.com"
            ],
            "original_dnshost": null,
            "original_name_servers": null,
            "original_registrar": null,
            "owner": {
              "id": null,
              "name": null,
              "type": "user"
            },
            "paused": false,
            "permissions": [
              "#waf:read",
              "#waf:edit",
              "#dns_records:edit",
              "#dns_records:read",
              "#zone:edit",
              "#zone:read",
              "#zone_settings:edit",
              "#zone_settings:read"
            ],
            "plan": {
              "can_subscribe": false,
              "currency": "USD",
              "externally_managed": false,
              "frequency": "",
              "id": "0feeeeeeeeeeeeeeeeeeeeeeeeeeeeee",
              "is_subscribed": false,
              "legacy_discount": false,
              "legacy_id": "free",
              "name": "Free Website",
              "price": 0
            },
            "status": "active",
            "tenant": {
              "id": null,
              "name": null
            },
            "tenant_unit": {
              "id": null
            },
            "type": "full",
            "vanity_name_servers": [],
            "verification_key": null
          },
          "sensitive_attributes": [],
          "identity_schema_version": 0
        }
      ]
    },
    {
      "module": "module.tunnel",
      "mode": "managed",
      "type": "cloudflare_dns_record",
      "name": "this",
      "provider": "provider[\"registry.terraform.io/cloudflare/cloudflare\"]",
      "instances": [
        {
          "index_key": "blog",
          "schema_version": 0,
          "attributes": {
            "comment": null,
            "comment_modified_on": null,
            "content": "2bee051e-d953-4f62-be62-e0d67eaebc7c.cfargotunnel.com",
            "created_on": "2026-03-12T16:12:40Z",
            "data": null,
            "id": "e7c056a55e776a185df13915e2b27d81",
            "meta": "{}",
            "modified_on": "2026-03-12T16:12:40Z",
            "name": "blog.panda-dev.net",
            "priority": null,
            "proxiable": true,
            "proxied": true,
            "settings": {
              "flatten_cname": false,
              "ipv4_only": null,
              "ipv6_only": null
            },
            "tags": [],
            "tags_modified_on": null,
            "ttl": 1,
            "type": "CNAME",
            "zone_id": "0e9b61ff73e7abef64416f0c64853758"
          },
          "sensitive_attributes": [],
          "identity_schema_version": 0,
          "dependencies": [
            "cloudflare_zone.panda_dev_net",
            "module.tunnel.cloudflare_zero_trust_tunnel_cloudflared.this"
          ]
        },
        {
          "index_key": "http-server",
          "schema_version": 0,
          "attributes": {
            "comment": null,
            "comment_modified_on": null,
            "content": "b4c47ce3-d4aa-4204-ad01-4d1b21daf009.cfargotunnel.com",
            "created_on": "2026-03-12T16:12:45Z",
            "data": null,
            "id": "aab8c9bb2c6882c86ba262d5501663a8",
            "meta": "{}",
            "modified_on": "2026-03-12T16:12:45Z",
            "name": "http-server.panda-dev.net",
            "priority": null,
            "proxiable": true,
            "proxied": true,
            "settings": {
              "flatten_cname": false,
              "ipv4_only": null,
              "ipv6_only": null
            },
            "tags": [],
            "tags_modified_on": null,
            "ttl": 1,
            "type": "CNAME",
            "zone_id": "0e9b61ff73e7abef64416f0c64853758"
          },
          "sensitive_attributes": [],
          "identity_schema_version": 0,
          "dependencies": [
            "cloudflare_zone.panda_dev_net",
            "module.tunnel.cloudflare_zero_trust_tunnel_cloudflared.this"
          ]
        },
        {
          "index_key": "root-domain",
          "schema_version": 0,
          "attributes": {
            "comment": null,
            "comment_modified_on": null,
            "content": "7e14a5ce-cdf2-4d8a-88ca-d6222ce61d2e.cfargotunnel.com",
            "created_on": "2026-03-12T16:12:45Z",
            "data": null,
            "id": "66b8b6ba22e47f54ed1074f7fc983835",
            "meta": "{}",
            "modified_on": "2026-03-12T16:12:45Z",
            "name": "panda-dev.net",
            "priority": null,
            "proxiable": true,
            "proxied": true,
            "settings": {
              "flatten_cname": false,
              "ipv4_only": null,
              "ipv6_only": null
            },
            "tags": [],
            "tags_modified_on": null,
            "ttl": 1,
            "type": "CNAME",
            "zone_id": "0e9b61ff73e7abef64416f0c64853758"
          },
          "sensitive_attributes": [],
          "identity_schema_version": 0,
          "dependencies": [
            "cloudflare_zone.panda_dev_net",
            "module.tunnel.cloudflare_zero_trust_tunnel_cloudflared.this"
          ]
        }
      ]
    },
    {
      "module": "module.tunnel",
      "mode": "managed",
      "type": "cloudflare_zero_trust_tunnel_cloudflared",
      "name": "this",
      "provider": "provider[\"registry.terraform.io/cloudflare/cloudflare\"]",
      "instances": [
        {
          "index_key": "blog",
          "schema_version": 1,
          "attributes": {
            "account_id": "52db48235eef0bdeda908b03e048361a",
            "account_tag": "52db48235eef0bdeda908b03e048361a",
            "config_src": "cloudflare",
            "connections": [
              {
                "client_id": "0b6d312d-dd33-46b9-b67a-6444b25c6329",
                "client_version": "2026.2.0",
                "colo_name": "nrt05",
                "id": "895282dd-4695-45dc-b9d2-feb722c8aba3",
                "is_pending_reconnect": false,
                "opened_at": "2026-03-12T16:22:24Z",
                "origin_ip": "14.132.152.136",
                "uuid": "895282dd-4695-45dc-b9d2-feb722c8aba3"
              },
              {
                "client_id": "0b6d312d-dd33-46b9-b67a-6444b25c6329",
                "client_version": "2026.2.0",
                "colo_name": "nrt09",
                "id": "92911515-3a70-468f-9f47-cbdf6d2a8e4c",
                "is_pending_reconnect": false,
                "opened_at": "2026-03-12T16:22:25Z",
                "origin_ip": "14.132.152.136",
                "uuid": "92911515-3a70-468f-9f47-cbdf6d2a8e4c"
              },
              {
                "client_id": "0b6d312d-dd33-46b9-b67a-6444b25c6329",
                "client_version": "2026.2.0",
                "colo_name": "nrt12",
                "id": "c9eb5a3e-54bd-42f2-8507-00965b9c9105",
                "is_pending_reconnect": false,
                "opened_at": "2026-03-12T16:22:26Z",
                "origin_ip": "14.132.152.136",
                "uuid": "c9eb5a3e-54bd-42f2-8507-00965b9c9105"
              },
              {
                "client_id": "0b6d312d-dd33-46b9-b67a-6444b25c6329",
                "client_version": "2026.2.0",
                "colo_name": "nrt10",
                "id": "1e36815c-0ac7-444a-8c5f-e1f49439ab9e",
                "is_pending_reconnect": false,
                "opened_at": "2026-03-12T16:22:27Z",
                "origin_ip": "14.132.152.136",
                "uuid": "1e36815c-0ac7-444a-8c5f-e1f49439ab9e"
              }
            ],
            "conns_active_at": "2026-03-12T16:22:24Z",
            "conns_inactive_at": null,
            "created_at": "2026-03-12T16:12:39Z",
            "deleted_at": null,
            "id": "2bee051e-d953-4f62-be62-e0d67eaebc7c",
            "metadata": "{}",
            "name": "blog",
            "remote_config": true,
            "status": "healthy",
            "tun_type": "cfd_tunnel",
            "tunnel_secret": null
          },
          "sensitive_attributes": [
            [
              {
                "type": "get_attr",
                "value": "tunnel_secret"
              }
            ]
          ],
          "identity_schema_version": 0
        },
        {
          "index_key": "http-server",
          "schema_version": 1,
          "attributes": {
            "account_id": "52db48235eef0bdeda908b03e048361a",
            "account_tag": "52db48235eef0bdeda908b03e048361a",
            "config_src": "cloudflare",
            "connections": [
              {
                "client_id": "7d1a7618-d900-4a03-bfae-d6529b29fc20",
                "client_version": "2026.2.0",
                "colo_name": "nrt01",
                "id": "5d5a3e5f-5e31-47d8-a9b9-902802885cc3",
                "is_pending_reconnect": false,
                "opened_at": "2026-03-12T16:23:36Z",
                "origin_ip": "14.132.152.136",
                "uuid": "5d5a3e5f-5e31-47d8-a9b9-902802885cc3"
              },
              {
                "client_id": "7d1a7618-d900-4a03-bfae-d6529b29fc20",
                "client_version": "2026.2.0",
                "colo_name": "nrt09",
                "id": "edbfa78a-42e2-4db1-8925-514915aa6dc0",
                "is_pending_reconnect": false,
                "opened_at": "2026-03-12T16:23:37Z",
                "origin_ip": "14.132.152.136",
                "uuid": "edbfa78a-42e2-4db1-8925-514915aa6dc0"
              },
              {
                "client_id": "7d1a7618-d900-4a03-bfae-d6529b29fc20",
                "client_version": "2026.2.0",
                "colo_name": "nrt09",
                "id": "41c0d952-b6de-4f16-8573-1389e0c2c05c",
                "is_pending_reconnect": false,
                "opened_at": "2026-03-12T16:23:38Z",
                "origin_ip": "14.132.152.136",
                "uuid": "41c0d952-b6de-4f16-8573-1389e0c2c05c"
              },
              {
                "client_id": "7d1a7618-d900-4a03-bfae-d6529b29fc20",
                "client_version": "2026.2.0",
                "colo_name": "nrt09",
                "id": "abe98088-b738-427b-ac9f-d9baed2a06f3",
                "is_pending_reconnect": false,
                "opened_at": "2026-03-12T16:23:39Z",
                "origin_ip": "14.132.152.136",
                "uuid": "abe98088-b738-427b-ac9f-d9baed2a06f3"
              }
            ],
            "conns_active_at": "2026-03-12T16:23:36Z",
            "conns_inactive_at": null,
            "created_at": "2026-03-12T16:12:37Z",
            "deleted_at": null,
            "id": "b4c47ce3-d4aa-4204-ad01-4d1b21daf009",
            "metadata": "{}",
            "name": "http-server",
            "remote_config": true,
            "status": "healthy",
            "tun_type": "cfd_tunnel",
            "tunnel_secret": null
          },
          "sensitive_attributes": [
            [
              {
                "type": "get_attr",
                "value": "tunnel_secret"
              }
            ]
          ],
          "identity_schema_version": 0
        },
        {
          "index_key": "root-domain",
          "schema_version": 1,
          "attributes": {
            "account_id": "52db48235eef0bdeda908b03e048361a",
            "account_tag": "52db48235eef0bdeda908b03e048361a",
            "config_src": "cloudflare",
            "connections": [
              {
                "client_id": "23343c4f-738a-4916-85ad-4d52e9e4eb83",
                "client_version": "2026.2.0",
                "colo_name": "nrt12",
                "id": "66e709df-6e86-4bbc-8da3-1873732a8ba8",
                "is_pending_reconnect": false,
                "opened_at": "2026-03-12T16:23:25Z",
                "origin_ip": "14.132.152.136",
                "uuid": "66e709df-6e86-4bbc-8da3-1873732a8ba8"
              },
              {
                "client_id": "23343c4f-738a-4916-85ad-4d52e9e4eb83",
                "client_version": "2026.2.0",
                "colo_name": "nrt09",
                "id": "6d779fdb-bb90-46a8-98ea-54da613b98bd",
                "is_pending_reconnect": false,
                "opened_at": "2026-03-12T16:23:25Z",
                "origin_ip": "14.132.152.136",
                "uuid": "6d779fdb-bb90-46a8-98ea-54da613b98bd"
              },
              {
                "client_id": "23343c4f-738a-4916-85ad-4d52e9e4eb83",
                "client_version": "2026.2.0",
                "colo_name": "nrt05",
                "id": "fd54d87b-12ae-44b7-9aeb-9a807ddff0a4",
                "is_pending_reconnect": false,
                "opened_at": "2026-03-12T16:23:26Z",
                "origin_ip": "14.132.152.136",
                "uuid": "fd54d87b-12ae-44b7-9aeb-9a807ddff0a4"
              },
              {
                "client_id": "23343c4f-738a-4916-85ad-4d52e9e4eb83",
                "client_version": "2026.2.0",
                "colo_name": "nrt10",
                "id": "a94f0695-2a12-4e30-a579-f047cd2b1e98",
                "is_pending_reconnect": false,
                "opened_at": "2026-03-12T16:23:28Z",
                "origin_ip": "14.132.152.136",
                "uuid": "a94f0695-2a12-4e30-a579-f047cd2b1e98"
              }
            ],
            "conns_active_at": "2026-03-12T16:23:25Z",
            "conns_inactive_at": null,
            "created_at": "2026-03-12T16:12:34Z",
            "deleted_at": null,
            "id": "7e14a5ce-cdf2-4d8a-88ca-d6222ce61d2e",
            "metadata": "{}",
            "name": "root-domain",
            "remote_config": true,
            "status": "healthy",
            "tun_type": "cfd_tunnel",
            "tunnel_secret": null
          },
          "sensitive_attributes": [
            [
              {
                "type": "get_attr",
                "value": "tunnel_secret"
              }
            ]
          ],
          "identity_schema_version": 0
        }
      ]
    }
  ],
  "check_results": null
}
